
Microsoft Visual Studio Solution File, Format Version 12.00
# Visual Studio Version 17
VisualStudioVersion = 17.7.34031.279
MinimumVisualStudioVersion = 10.0.40219.1
Project("{FAE04EC0-301F-11D3-BF4B-00C04F79EFBC}") = "Functions", "Functions\Functions.csproj", "{0E1EE421-0DC8-4C46-B935-8D815E157C48}"
EndProject
Project("{2150E333-8FDC-42A3-9474-1A3956D46DE8}") = "OOP", "OOP", "{32248C45-5A46-4939-877D-1B7DBA9D96FA}"
EndProject
Project("{FAE04EC0-301F-11D3-BF4B-00C04F79EFBC}") = "AutoService", "AutoService\AutoService.csproj", "{B9A893DA-F2F4-4B1C-A8DA-2CEB858C3114}"
EndProject
Project("{2150E333-8FDC-42A3-9474-1A3956D46DE8}") = "LINQ", "LINQ", "{39AF43CA-8FC8-4F8E-ACA9-CCCFEDB519F0}"
EndProject
Project("{FAE04EC0-301F-11D3-BF4B-00C04F79EFBC}") = "CrininalFinder", "CrininalFinder\CrininalFinder.csproj", "{686AEA10-DEE6-43FF-9290-B1C2FF2863C0}"
EndProject
Project("{FAE04EC0-301F-11D3-BF4B-00C04F79EFBC}") = "AmnestyNew", "LINQ\Amnesty\AmnestyNew\AmnestyNew.csproj", "{22DCAFF4-2375-4E85-8E4F-0A0C0F014CB4}"
EndProject
Project("{FAE04EC0-301F-11D3-BF4B-00C04F79EFBC}") = "AnarchyInHospital", "LINQ\AnarchyInHospital\AnarchyInHospital\AnarchyInHospital.csproj", "{633DC575-0B50-4641-94A5-1383130A3C59}"
EndProject
Project("{FAE04EC0-301F-11D3-BF4B-00C04F79EFBC}") = "PLayersTop", "LINQ\PlayersTop\PLayersTop\PLayersTop.csproj", "{82BA1565-83D5-433E-A8EF-9DF7B1835E58}"
EndProject
Project("{FAE04EC0-301F-11D3-BF4B-00C04F79EFBC}") = "ExpirationDate", "LINQ\ExpirationDate\ExpirationDate\ExpirationDate.csproj", "{4C8258DF-3A12-4165-878E-77D3FB703029}"
EndProject
Global
	GlobalSection(SolutionConfigurationPlatforms) = preSolution
		Debug|Any CPU = Debug|Any CPU
		Release|Any CPU = Release|Any CPU
	EndGlobalSection
	GlobalSection(ProjectConfigurationPlatforms) = postSolution
		{0E1EE421-0DC8-4C46-B935-8D815E157C48}.Debug|Any CPU.ActiveCfg = Debug|Any CPU
		{0E1EE421-0DC8-4C46-B935-8D815E157C48}.Debug|Any CPU.Build.0 = Debug|Any CPU
		{0E1EE421-0DC8-4C46-B935-8D815E157C48}.Release|Any CPU.ActiveCfg = Release|Any CPU
		{0E1EE421-0DC8-4C46-B935-8D815E157C48}.Release|Any CPU.Build.0 = Release|Any CPU
		{B9A893DA-F2F4-4B1C-A8DA-2CEB858C3114}.Debug|Any CPU.ActiveCfg = Debug|Any CPU
		{B9A893DA-F2F4-4B1C-A8DA-2CEB858C3114}.Debug|Any CPU.Build.0 = Debug|Any CPU
		{B9A893DA-F2F4-4B1C-A8DA-2CEB858C3114}.Release|Any CPU.ActiveCfg = Release|Any CPU
		{B9A893DA-F2F4-4B1C-A8DA-2CEB858C3114}.Release|Any CPU.Build.0 = Release|Any CPU
		{686AEA10-DEE6-43FF-9290-B1C2FF2863C0}.Debug|Any CPU.ActiveCfg = Debug|Any CPU
		{686AEA10-DEE6-43FF-9290-B1C2FF2863C0}.Debug|Any CPU.Build.0 = Debug|Any CPU
		{686AEA10-DEE6-43FF-9290-B1C2FF2863C0}.Release|Any CPU.ActiveCfg = Release|Any CPU
		{686AEA10-DEE6-43FF-9290-B1C2FF2863C0}.Release|Any CPU.Build.0 = Release|Any CPU
		{22DCAFF4-2375-4E85-8E4F-0A0C0F014CB4}.Debug|Any CPU.ActiveCfg = Debug|Any CPU
		{22DCAFF4-2375-4E85-8E4F-0A0C0F014CB4}.Debug|Any CPU.Build.0 = Debug|Any CPU
		{22DCAFF4-2375-4E85-8E4F-0A0C0F014CB4}.Release|Any CPU.ActiveCfg = Release|Any CPU
		{22DCAFF4-2375-4E85-8E4F-0A0C0F014CB4}.Release|Any CPU.Build.0 = Release|Any CPU
		{633DC575-0B50-4641-94A5-1383130A3C59}.Debug|Any CPU.ActiveCfg = Debug|Any CPU
		{633DC575-0B50-4641-94A5-1383130A3C59}.Debug|Any CPU.Build.0 = Debug|Any CPU
		{633DC575-0B50-4641-94A5-1383130A3C59}.Release|Any CPU.ActiveCfg = Release|Any CPU
		{633DC575-0B50-4641-94A5-1383130A3C59}.Release|Any CPU.Build.0 = Release|Any CPU
		{82BA1565-83D5-433E-A8EF-9DF7B1835E58}.Debug|Any CPU.ActiveCfg = Debug|Any CPU
		{82BA1565-83D5-433E-A8EF-9DF7B1835E58}.Debug|Any CPU.Build.0 = Debug|Any CPU
		{82BA1565-83D5-433E-A8EF-9DF7B1835E58}.Release|Any CPU.ActiveCfg = Release|Any CPU
		{82BA1565-83D5-433E-A8EF-9DF7B1835E58}.Release|Any CPU.Build.0 = Release|Any CPU
		{4C8258DF-3A12-4165-878E-77D3FB703029}.Debug|Any CPU.ActiveCfg = Debug|Any CPU
		{4C8258DF-3A12-4165-878E-77D3FB703029}.Debug|Any CPU.Build.0 = Debug|Any CPU
		{4C8258DF-3A12-4165-878E-77D3FB703029}.Release|Any CPU.ActiveCfg = Release|Any CPU
		{4C8258DF-3A12-4165-878E-77D3FB703029}.Release|Any CPU.Build.0 = Release|Any CPU
	EndGlobalSection
	GlobalSection(SolutionProperties) = preSolution
		HideSolutionNode = FALSE
	EndGlobalSection
	GlobalSection(ExtensibilityGlobals) = postSolution
		SolutionGuid = {5DEA466E-03D3-424F-A942-4486A9531383}
	EndGlobalSection
	GlobalSection(NestedProjects) = preSolution
		{B9A893DA-F2F4-4B1C-A8DA-2CEB858C3114} = {32248C45-5A46-4939-877D-1B7DBA9D96FA}
		{686AEA10-DEE6-43FF-9290-B1C2FF2863C0} = {39AF43CA-8FC8-4F8E-ACA9-CCCFEDB519F0}
		{22DCAFF4-2375-4E85-8E4F-0A0C0F014CB4} = {39AF43CA-8FC8-4F8E-ACA9-CCCFEDB519F0}
		{633DC575-0B50-4641-94A5-1383130A3C59} = {39AF43CA-8FC8-4F8E-ACA9-CCCFEDB519F0}
		{82BA1565-83D5-433E-A8EF-9DF7B1835E58} = {39AF43CA-8FC8-4F8E-ACA9-CCCFEDB519F0}
		{4C8258DF-3A12-4165-878E-77D3FB703029} = {39AF43CA-8FC8-4F8E-ACA9-CCCFEDB519F0}
	EndGlobalSection
EndGlobal
